{
  "requires": true,
  "lockfileVersion": 1,
  "dependencies": {
    "scroll-out": {
      "version": "2.2.12",
      "resolved": "https://registry.npmjs.org/scroll-out/-/scroll-out-2.2.12.tgz",
      "integrity": "sha512-BPWQJat8mmcjQCq+l4DsibBopkmQQb5ngPJ6T9XRxRl86/LJo7V+0d3Sjd9fxzIJkZmkjoGxEAam+Urvem8VRw=="
    }
  }
}
